
Microsoft Visual Studio Solution File, Format Version 12.00
# Visual Studio Version 16
VisualStudioVersion = 16.0.31129.286
MinimumVisualStudioVersion = 10.0.40219.1
Project("{FAE04EC0-301F-11D3-BF4B-00C04F79EFBC}") = "CMP409", "CMP409\CMP409.csproj", "{7695BF99-F9FD-4393-B180-53EA0831C683}"
EndProject
Project("{FAE04EC0-301F-11D3-BF4B-00C04F79EFBC}") = "Assessment", "Assessment\Assessment.csproj", "{F6FA1CA1-E64A-48DD-A20D-BB926DC26AAE}"
EndProject
Global
	GlobalSection(SolutionConfigurationPlatforms) = preSolution
		Debug|Any CPU = Debug|Any CPU
		Release|Any CPU = Release|Any CPU
	EndGlobalSection
	GlobalSection(ProjectConfigurationPlatforms) = postSolution
		{7695BF99-F9FD-4393-B180-53EA0831C683}.Debug|Any CPU.ActiveCfg = Debug|Any CPU
		{7695BF99-F9FD-4393-B180-53EA0831C683}.Debug|Any CPU.Build.0 = Debug|Any CPU
		{7695BF99-F9FD-4393-B180-53EA0831C683}.Release|Any CPU.ActiveCfg = Release|Any CPU
		{7695BF99-F9FD-4393-B180-53EA0831C683}.Release|Any CPU.Build.0 = Release|Any CPU
		{F6FA1CA1-E64A-48DD-A20D-BB926DC26AAE}.Debug|Any CPU.ActiveCfg = Debug|Any CPU
		{F6FA1CA1-E64A-48DD-A20D-BB926DC26AAE}.Debug|Any CPU.Build.0 = Debug|Any CPU
		{F6FA1CA1-E64A-48DD-A20D-BB926DC26AAE}.Release|Any CPU.ActiveCfg = Release|Any CPU
		{F6FA1CA1-E64A-48DD-A20D-BB926DC26AAE}.Release|Any CPU.Build.0 = Release|Any CPU
	EndGlobalSection
	GlobalSection(SolutionProperties) = preSolution
		HideSolutionNode = FALSE
	EndGlobalSection
	GlobalSection(ExtensibilityGlobals) = postSolution
		SolutionGuid = {633561BD-6FC6-479E-B9EE-866BC19DDC3B}
	EndGlobalSection
EndGlobal
